
Microsoft Visual Studio Solution File, Format Version 12.00
# Visual Studio Version 17
VisualStudioVersion = 17.0.31903.59
MinimumVisualStudioVersion = 10.0.40219.1
Project("{2150E333-8FDC-42A3-9474-1A3956D46DE8}") = "Src", "Src", "{38CD3738-918C-4A4D-A492-16898EED2FE6}"
EndProject
Project("{FAE04EC0-301F-11D3-BF4B-00C04F79EFBC}") = "FluentInjections", "Src\FluentInjections\FluentInjections.csproj", "{A96BC168-DEC5-44A6-BBB1-01630FC0138A}"
EndProject
Project("{2150E333-8FDC-42A3-9474-1A3956D46DE8}") = "Tests", "Tests", "{7C18C830-5653-4D1E-82FD-CC5EC215C656}"
EndProject
Project("{FAE04EC0-301F-11D3-BF4B-00C04F79EFBC}") = "FluentInjections.E2ETests", "Tests\E2E\FluentInjections.E2ETests.csproj", "{65DA2070-FB46-4B63-BBD5-BB88FAC42611}"
EndProject
Project("{FAE04EC0-301F-11D3-BF4B-00C04F79EFBC}") = "FluentInjections.IntegrationTests", "Tests\Integration\FluentInjections.IntegrationTests.csproj", "{67862C21-AEB0-426C-B96B-22A1340DA0A7}"
EndProject
Project("{FAE04EC0-301F-11D3-BF4B-00C04F79EFBC}") = "FluentInjections.PerformanceTests", "Tests\Performance\FluentInjections.PerformanceTests.csproj", "{06B3F36F-52D9-4C70-982B-B7504AA42E7B}"
EndProject
Project("{FAE04EC0-301F-11D3-BF4B-00C04F79EFBC}") = "FluentInjections.StressTests", "Tests\Stress\FluentInjections.StressTests.csproj", "{02991D87-E510-4E9F-AE41-A3A821E18241}"
EndProject
Project("{FAE04EC0-301F-11D3-BF4B-00C04F79EFBC}") = "FluentInjections.UnitTests", "Tests\Unit\FluentInjections.UnitTests.csproj", "{7EA9BDD9-A00B-482F-9697-4139EF4C5538}"
EndProject
Global
	GlobalSection(SolutionConfigurationPlatforms) = preSolution
		Debug|Any CPU = Debug|Any CPU
		Release|Any CPU = Release|Any CPU
	EndGlobalSection
	GlobalSection(SolutionProperties) = preSolution
		HideSolutionNode = FALSE
	EndGlobalSection
	GlobalSection(ProjectConfigurationPlatforms) = postSolution
		{A96BC168-DEC5-44A6-BBB1-01630FC0138A}.Debug|Any CPU.ActiveCfg = Debug|Any CPU
		{A96BC168-DEC5-44A6-BBB1-01630FC0138A}.Debug|Any CPU.Build.0 = Debug|Any CPU
		{A96BC168-DEC5-44A6-BBB1-01630FC0138A}.Release|Any CPU.ActiveCfg = Release|Any CPU
		{A96BC168-DEC5-44A6-BBB1-01630FC0138A}.Release|Any CPU.Build.0 = Release|Any CPU
		{65DA2070-FB46-4B63-BBD5-BB88FAC42611}.Debug|Any CPU.ActiveCfg = Debug|Any CPU
		{65DA2070-FB46-4B63-BBD5-BB88FAC42611}.Debug|Any CPU.Build.0 = Debug|Any CPU
		{65DA2070-FB46-4B63-BBD5-BB88FAC42611}.Release|Any CPU.ActiveCfg = Release|Any CPU
		{65DA2070-FB46-4B63-BBD5-BB88FAC42611}.Release|Any CPU.Build.0 = Release|Any CPU
		{67862C21-AEB0-426C-B96B-22A1340DA0A7}.Debug|Any CPU.ActiveCfg = Debug|Any CPU
		{67862C21-AEB0-426C-B96B-22A1340DA0A7}.Debug|Any CPU.Build.0 = Debug|Any CPU
		{67862C21-AEB0-426C-B96B-22A1340DA0A7}.Release|Any CPU.ActiveCfg = Release|Any CPU
		{67862C21-AEB0-426C-B96B-22A1340DA0A7}.Release|Any CPU.Build.0 = Release|Any CPU
		{06B3F36F-52D9-4C70-982B-B7504AA42E7B}.Debug|Any CPU.ActiveCfg = Debug|Any CPU
		{06B3F36F-52D9-4C70-982B-B7504AA42E7B}.Debug|Any CPU.Build.0 = Debug|Any CPU
		{06B3F36F-52D9-4C70-982B-B7504AA42E7B}.Release|Any CPU.ActiveCfg = Release|Any CPU
		{06B3F36F-52D9-4C70-982B-B7504AA42E7B}.Release|Any CPU.Build.0 = Release|Any CPU
		{02991D87-E510-4E9F-AE41-A3A821E18241}.Debug|Any CPU.ActiveCfg = Debug|Any CPU
		{02991D87-E510-4E9F-AE41-A3A821E18241}.Debug|Any CPU.Build.0 = Debug|Any CPU
		{02991D87-E510-4E9F-AE41-A3A821E18241}.Release|Any CPU.ActiveCfg = Release|Any CPU
		{02991D87-E510-4E9F-AE41-A3A821E18241}.Release|Any CPU.Build.0 = Release|Any CPU
		{7EA9BDD9-A00B-482F-9697-4139EF4C5538}.Debug|Any CPU.ActiveCfg = Debug|Any CPU
		{7EA9BDD9-A00B-482F-9697-4139EF4C5538}.Debug|Any CPU.Build.0 = Debug|Any CPU
		{7EA9BDD9-A00B-482F-9697-4139EF4C5538}.Release|Any CPU.ActiveCfg = Release|Any CPU
		{7EA9BDD9-A00B-482F-9697-4139EF4C5538}.Release|Any CPU.Build.0 = Release|Any CPU
	EndGlobalSection
	GlobalSection(NestedProjects) = preSolution
		{A96BC168-DEC5-44A6-BBB1-01630FC0138A} = {38CD3738-918C-4A4D-A492-16898EED2FE6}
		{65DA2070-FB46-4B63-BBD5-BB88FAC42611} = {7C18C830-5653-4D1E-82FD-CC5EC215C656}
		{67862C21-AEB0-426C-B96B-22A1340DA0A7} = {7C18C830-5653-4D1E-82FD-CC5EC215C656}
		{06B3F36F-52D9-4C70-982B-B7504AA42E7B} = {7C18C830-5653-4D1E-82FD-CC5EC215C656}
		{02991D87-E510-4E9F-AE41-A3A821E18241} = {7C18C830-5653-4D1E-82FD-CC5EC215C656}
		{7EA9BDD9-A00B-482F-9697-4139EF4C5538} = {7C18C830-5653-4D1E-82FD-CC5EC215C656}
	EndGlobalSection
EndGlobal
